
Microsoft Visual Studio Solution File, Format Version 12.00
# Visual Studio Version 16
VisualStudioVersion = 16.0.30804.86
MinimumVisualStudioVersion = 10.0.40219.1
Project("{FAE04EC0-301F-11D3-BF4B-00C04F79EFBC}") = "works15", "works15.csproj", "{FDDFA58A-63C7-4BB0-9D6C-5167746AEBC0}"
EndProject
Global
	GlobalSection(SolutionConfigurationPlatforms) = preSolution
		Debug|Any CPU = Debug|Any CPU
		Release|Any CPU = Release|Any CPU
	EndGlobalSection
	GlobalSection(ProjectConfigurationPlatforms) = postSolution
		{FDDFA58A-63C7-4BB0-9D6C-5167746AEBC0}.Debug|Any CPU.ActiveCfg = Debug|Any CPU
		{FDDFA58A-63C7-4BB0-9D6C-5167746AEBC0}.Debug|Any CPU.Build.0 = Debug|Any CPU
		{FDDFA58A-63C7-4BB0-9D6C-5167746AEBC0}.Release|Any CPU.ActiveCfg = Release|Any CPU
		{FDDFA58A-63C7-4BB0-9D6C-5167746AEBC0}.Release|Any CPU.Build.0 = Release|Any CPU
	EndGlobalSection
	GlobalSection(SolutionProperties) = preSolution
		HideSolutionNode = FALSE
	EndGlobalSection
	GlobalSection(ExtensibilityGlobals) = postSolution
		SolutionGuid = {B9A324E5-1928-4A74-A4CA-55EC08EC8A9A}
	EndGlobalSection
EndGlobal
