
Microsoft Visual Studio Solution File, Format Version 12.00
# Visual Studio Version 16
VisualStudioVersion = 16.0.30804.86
MinimumVisualStudioVersion = 10.0.40219.1
Project("{FAE04EC0-301F-11D3-BF4B-00C04F79EFBC}") = "works08", "works08.csproj", "{4882427E-D0E1-4E4C-8288-1927ACF60E00}"
EndProject
Global
	GlobalSection(SolutionConfigurationPlatforms) = preSolution
		Debug|Any CPU = Debug|Any CPU
		Release|Any CPU = Release|Any CPU
	EndGlobalSection
	GlobalSection(ProjectConfigurationPlatforms) = postSolution
		{4882427E-D0E1-4E4C-8288-1927ACF60E00}.Debug|Any CPU.ActiveCfg = Debug|Any CPU
		{4882427E-D0E1-4E4C-8288-1927ACF60E00}.Debug|Any CPU.Build.0 = Debug|Any CPU
		{4882427E-D0E1-4E4C-8288-1927ACF60E00}.Release|Any CPU.ActiveCfg = Release|Any CPU
		{4882427E-D0E1-4E4C-8288-1927ACF60E00}.Release|Any CPU.Build.0 = Release|Any CPU
	EndGlobalSection
	GlobalSection(SolutionProperties) = preSolution
		HideSolutionNode = FALSE
	EndGlobalSection
	GlobalSection(ExtensibilityGlobals) = postSolution
		SolutionGuid = {D88C1AB0-8E29-4255-9BEE-B19C99EAE0C2}
	EndGlobalSection
EndGlobal
