
Microsoft Visual Studio Solution File, Format Version 12.00
# Visual Studio Version 16
VisualStudioVersion = 16.0.30804.86
MinimumVisualStudioVersion = 10.0.40219.1
Project("{FAE04EC0-301F-11D3-BF4B-00C04F79EFBC}") = "works16", "works16.csproj", "{87381DB7-1F4D-45A8-A396-9188B77CDD06}"
EndProject
Global
	GlobalSection(SolutionConfigurationPlatforms) = preSolution
		Debug|Any CPU = Debug|Any CPU
		Release|Any CPU = Release|Any CPU
	EndGlobalSection
	GlobalSection(ProjectConfigurationPlatforms) = postSolution
		{87381DB7-1F4D-45A8-A396-9188B77CDD06}.Debug|Any CPU.ActiveCfg = Debug|Any CPU
		{87381DB7-1F4D-45A8-A396-9188B77CDD06}.Debug|Any CPU.Build.0 = Debug|Any CPU
		{87381DB7-1F4D-45A8-A396-9188B77CDD06}.Release|Any CPU.ActiveCfg = Release|Any CPU
		{87381DB7-1F4D-45A8-A396-9188B77CDD06}.Release|Any CPU.Build.0 = Release|Any CPU
	EndGlobalSection
	GlobalSection(SolutionProperties) = preSolution
		HideSolutionNode = FALSE
	EndGlobalSection
	GlobalSection(ExtensibilityGlobals) = postSolution
		SolutionGuid = {415E2FD3-E118-4C71-8E8F-7AFA816F94E2}
	EndGlobalSection
EndGlobal
