
Microsoft Visual Studio Solution File, Format Version 12.00
# Visual Studio Version 16
VisualStudioVersion = 16.0.30804.86
MinimumVisualStudioVersion = 10.0.40219.1
Project("{FAE04EC0-301F-11D3-BF4B-00C04F79EFBC}") = "works13", "works13.csproj", "{C8AE238B-9A91-45D4-BC4E-378B4379D830}"
EndProject
Global
	GlobalSection(SolutionConfigurationPlatforms) = preSolution
		Debug|Any CPU = Debug|Any CPU
		Release|Any CPU = Release|Any CPU
	EndGlobalSection
	GlobalSection(ProjectConfigurationPlatforms) = postSolution
		{C8AE238B-9A91-45D4-BC4E-378B4379D830}.Debug|Any CPU.ActiveCfg = Debug|Any CPU
		{C8AE238B-9A91-45D4-BC4E-378B4379D830}.Debug|Any CPU.Build.0 = Debug|Any CPU
		{C8AE238B-9A91-45D4-BC4E-378B4379D830}.Release|Any CPU.ActiveCfg = Release|Any CPU
		{C8AE238B-9A91-45D4-BC4E-378B4379D830}.Release|Any CPU.Build.0 = Release|Any CPU
	EndGlobalSection
	GlobalSection(SolutionProperties) = preSolution
		HideSolutionNode = FALSE
	EndGlobalSection
	GlobalSection(ExtensibilityGlobals) = postSolution
		SolutionGuid = {F460ECC9-25C9-4532-B946-8B146AEDAB21}
	EndGlobalSection
EndGlobal
