
Microsoft Visual Studio Solution File, Format Version 12.00
# Visual Studio Version 16
VisualStudioVersion = 16.0.30804.86
MinimumVisualStudioVersion = 10.0.40219.1
Project("{FAE04EC0-301F-11D3-BF4B-00C04F79EFBC}") = "works05", "works05.csproj", "{A2320BA3-3699-4FE5-8793-3A7BA0FBEBB0}"
EndProject
Global
	GlobalSection(SolutionConfigurationPlatforms) = preSolution
		Debug|Any CPU = Debug|Any CPU
		Release|Any CPU = Release|Any CPU
	EndGlobalSection
	GlobalSection(ProjectConfigurationPlatforms) = postSolution
		{A2320BA3-3699-4FE5-8793-3A7BA0FBEBB0}.Debug|Any CPU.ActiveCfg = Debug|Any CPU
		{A2320BA3-3699-4FE5-8793-3A7BA0FBEBB0}.Debug|Any CPU.Build.0 = Debug|Any CPU
		{A2320BA3-3699-4FE5-8793-3A7BA0FBEBB0}.Release|Any CPU.ActiveCfg = Release|Any CPU
		{A2320BA3-3699-4FE5-8793-3A7BA0FBEBB0}.Release|Any CPU.Build.0 = Release|Any CPU
	EndGlobalSection
	GlobalSection(SolutionProperties) = preSolution
		HideSolutionNode = FALSE
	EndGlobalSection
	GlobalSection(ExtensibilityGlobals) = postSolution
		SolutionGuid = {28D3A2DC-93EA-4FBA-A331-5D71B46B26F6}
	EndGlobalSection
EndGlobal
