
Microsoft Visual Studio Solution File, Format Version 12.00
# Visual Studio Version 16
VisualStudioVersion = 16.0.31410.357
MinimumVisualStudioVersion = 10.0.40219.1
Project("{FAE04EC0-301F-11D3-BF4B-00C04F79EFBC}") = "works23", "works23.csproj", "{58BCA0D1-9BFD-4E7F-BC36-C7732C86BD53}"
EndProject
Global
	GlobalSection(SolutionConfigurationPlatforms) = preSolution
		Debug|Any CPU = Debug|Any CPU
		Release|Any CPU = Release|Any CPU
	EndGlobalSection
	GlobalSection(ProjectConfigurationPlatforms) = postSolution
		{58BCA0D1-9BFD-4E7F-BC36-C7732C86BD53}.Debug|Any CPU.ActiveCfg = Debug|Any CPU
		{58BCA0D1-9BFD-4E7F-BC36-C7732C86BD53}.Debug|Any CPU.Build.0 = Debug|Any CPU
		{58BCA0D1-9BFD-4E7F-BC36-C7732C86BD53}.Release|Any CPU.ActiveCfg = Release|Any CPU
		{58BCA0D1-9BFD-4E7F-BC36-C7732C86BD53}.Release|Any CPU.Build.0 = Release|Any CPU
	EndGlobalSection
	GlobalSection(SolutionProperties) = preSolution
		HideSolutionNode = FALSE
	EndGlobalSection
	GlobalSection(ExtensibilityGlobals) = postSolution
		SolutionGuid = {8D9BADAE-41C9-4F67-9D09-E35497D00AA1}
	EndGlobalSection
EndGlobal
